<Solution>
  <Folder Name="/src/">
    <Project Path="src/SharedKernel/SharedKernel.csproj" />
    <Project Path="src/Auth.Domain/Auth.Domain.csproj" />
    <Project Path="src/Auth.Application/Auth.Application.csproj" />
    <Project Path="src/Auth.Infrastructure/Auth.Infrastructure.csproj" />
    <Project Path="src/Construction.Domain/Construction.Domain.csproj" />
    <Project Path="src/Construction.Application/Construction.Application.csproj" />
    <Project Path="src/Construction.Infrastructure/Construction.Infrastructure.csproj" />
    <Project Path="src/API/API.csproj" />
  </Folder>
</Solution>
